
Microsoft Visual Studio Solution File, Format Version 12.00
# Visual Studio Version 17
VisualStudioVersion = 17.7.34221.43
MinimumVisualStudioVersion = 10.0.40219.1
Project("{FAE04EC0-301F-11D3-BF4B-00C04F79EFBC}") = "ConsoleApp6", "ConsoleApp6.csproj", "{DE5438D8-18DC-4DD8-949B-8C72C568CBC6}"
EndProject
Global
	GlobalSection(SolutionConfigurationPlatforms) = preSolution
		Debug|Any CPU = Debug|Any CPU
		Release|Any CPU = Release|Any CPU
	EndGlobalSection
	GlobalSection(ProjectConfigurationPlatforms) = postSolution
		{DE5438D8-18DC-4DD8-949B-8C72C568CBC6}.Debug|Any CPU.ActiveCfg = Debug|Any CPU
		{DE5438D8-18DC-4DD8-949B-8C72C568CBC6}.Debug|Any CPU.Build.0 = Debug|Any CPU
		{DE5438D8-18DC-4DD8-949B-8C72C568CBC6}.Release|Any CPU.ActiveCfg = Release|Any CPU
		{DE5438D8-18DC-4DD8-949B-8C72C568CBC6}.Release|Any CPU.Build.0 = Release|Any CPU
	EndGlobalSection
	GlobalSection(SolutionProperties) = preSolution
		HideSolutionNode = FALSE
	EndGlobalSection
	GlobalSection(ExtensibilityGlobals) = postSolution
		SolutionGuid = {3BD7D7B9-8856-47C8-A9A3-21802A0B850D}
	EndGlobalSection
EndGlobal
